// !$*UTF8*$!
{
	archiveVersion = 1;
	classes = {
	};
	objectVersion = 46;
	objects = {

/* Begin PBXBuildFile section */
		118303781A5FF639006E4C05 /* Foundation.framework in Frameworks */ = {isa = PBXBuildFile; fileRef = 118303771A5FF639006E4C05 /* Foundation.framework */; };
		1183037A1A5FF639006E4C05 /* CoreGraphics.framework in Frameworks */ = {isa = PBXBuildFile; fileRef = 118303791A5FF639006E4C05 /* CoreGraphics.framework */; };
		1183037C1A5FF639006E4C05 /* UIKit.framework in Frameworks */ = {isa = PBXBuildFile; fileRef = 1183037B1A5FF639006E4C05 /* UIKit.framework */; };
		118303821A5FF639006E4C05 /* InfoPlist.strings in Resources */ = {isa = PBXBuildFile; fileRef = 118303801A5FF639006E4C05 /* InfoPlist.strings */; };
		118303841A5FF639006E4C05 /* main.m in Sources */ = {isa = PBXBuildFile; fileRef = 118303831A5FF639006E4C05 /* main.m */; };
		118303881A5FF639006E4C05 /* XZZAppDelegate.m in Sources */ = {isa = PBXBuildFile; fileRef = 118303871A5FF639006E4C05 /* XZZAppDelegate.m */; };
		1183038B1A5FF639006E4C05 /* Main_iPhone.storyboard in Resources */ = {isa = PBXBuildFile; fileRef = 118303891A5FF639006E4C05 /* Main_iPhone.storyboard */; };
		1183038E1A5FF639006E4C05 /* Main_iPad.storyboard in Resources */ = {isa = PBXBuildFile; fileRef = 1183038C1A5FF639006E4C05 /* Main_iPad.storyboard */; };
		118303911A5FF639006E4C05 /* XZZViewController.m in Sources */ = {isa = PBXBuildFile; fileRef = 118303901A5FF639006E4C05 /* XZZViewController.m */; };
		118303931A5FF639006E4C05 /* Images.xcassets in Resources */ = {isa = PBXBuildFile; fileRef = 118303921A5FF639006E4C05 /* Images.xcassets */; };
		1183039A1A5FF639006E4C05 /* XCTest.framework in Frameworks */ = {isa = PBXBuildFile; fileRef = 118303991A5FF639006E4C05 /* XCTest.framework */; };
		1183039B1A5FF639006E4C05 /* Foundation.framework in Frameworks */ = {isa = PBXBuildFile; fileRef = 118303771A5FF639006E4C05 /* Foundation.framework */; };
		1183039C1A5FF639006E4C05 /* UIKit.framework in Frameworks */ = {isa = PBXBuildFile; fileRef = 1183037B1A5FF639006E4C05 /* UIKit.framework */; };
		118303A41A5FF639006E4C05 /* InfoPlist.strings in Resources */ = {isa = PBXBuildFile; fileRef = 118303A21A5FF639006E4C05 /* InfoPlist.strings */; };
		118303A61A5FF639006E4C05 /* Parse_TestTests.m in Sources */ = {isa = PBXBuildFile; fileRef = 118303A51A5FF639006E4C05 /* Parse_TestTests.m */; };
		118303B11A600410006E4C05 /* Bolts.framework in Frameworks */ = {isa = PBXBuildFile; fileRef = 118303AF1A600410006E4C05 /* Bolts.framework */; };
		118303B21A600410006E4C05 /* Parse.framework in Frameworks */ = {isa = PBXBuildFile; fileRef = 118303B01A600410006E4C05 /* Parse.framework */; };
		118303B41A60048D006E4C05 /* AudioToolbox.framework in Frameworks */ = {isa = PBXBuildFile; fileRef = 118303B31A60048D006E4C05 /* AudioToolbox.framework */; };
		118303B61A60049F006E4C05 /* CFNetwork.framework in Frameworks */ = {isa = PBXBuildFile; fileRef = 118303B51A60049F006E4C05 /* CFNetwork.framework */; };
		118303B81A6004AF006E4C05 /* CoreLocation.framework in Frameworks */ = {isa = PBXBuildFile; fileRef = 118303B71A6004AF006E4C05 /* CoreLocation.framework */; };
		118303BA1A6004B5006E4C05 /* MobileCoreServices.framework in Frameworks */ = {isa = PBXBuildFile; fileRef = 118303B91A6004B5006E4C05 /* MobileCoreServices.framework */; };
		118303BC1A6004BB006E4C05 /* QuartzCore.framework in Frameworks */ = {isa = PBXBuildFile; fileRef = 118303BB1A6004BB006E4C05 /* QuartzCore.framework */; };
		118303BE1A6004C2006E4C05 /* Security.framework in Frameworks */ = {isa = PBXBuildFile; fileRef = 118303BD1A6004C2006E4C05 /* Security.framework */; };
		118303C01A6004D0006E4C05 /* StoreKit.framework in Frameworks */ = {isa = PBXBuildFile; fileRef = 118303BF1A6004D0006E4C05 /* StoreKit.framework */; };
		118303C21A6004D6006E4C05 /* SystemConfiguration.framework in Frameworks */ = {isa = PBXBuildFile; fileRef = 118303C11A6004D6006E4C05 /* SystemConfiguration.framework */; };
		118303C41A6004DE006E4C05 /* libz.dylib in Frameworks */ = {isa = PBXBuildFile; fileRef = 118303C31A6004DE006E4C05 /* libz.dylib */; };
		118303C61A6004E5006E4C05 /* libsqlite3.dylib in Frameworks */ = {isa = PBXBuildFile; fileRef = 118303C51A6004E5006E4C05 /* libsqlite3.dylib */; };
		118303C91A60239C006E4C05 /* XZZTableViewController.m in Sources */ = {isa = PBXBuildFile; fileRef = 118303C81A60239C006E4C05 /* XZZTableViewController.m */; };
/* End PBXBuildFile section */

/* Begin PBXContainerItemProxy section */
		1183039D1A5FF639006E4C05 /* PBXContainerItemProxy */ = {
			isa = PBXContainerItemProxy;
			containerPortal = 1183036C1A5FF639006E4C05 /* Project object */;
			proxyType = 1;
			remoteGlobalIDString = 118303731A5FF639006E4C05;
			remoteInfo = "Parse Test";
		};
/* End PBXContainerItemProxy section */

/* Begin PBXFileReference section */
		118303741A5FF639006E4C05 /* Parse Test.app */ = {isa = PBXFileReference; explicitFileType = wrapper.application; includeInIndex = 0; path = "Parse Test.app"; sourceTree = BUILT_PRODUCTS_DIR; };
		118303771A5FF639006E4C05 /* Foundation.framework */ = {isa = PBXFileReference; lastKnownFileType = wrapper.framework; name = Foundation.framework; path = System/Library/Frameworks/Foundation.framework; sourceTree = SDKROOT; };
		118303791A5FF639006E4C05 /* CoreGraphics.framework */ = {isa = PBXFileReference; lastKnownFileType = wrapper.framework; name = CoreGraphics.framework; path = System/Library/Frameworks/CoreGraphics.framework; sourceTree = SDKROOT; };
		1183037B1A5FF639006E4C05 /* UIKit.framework */ = {isa = PBXFileReference; lastKnownFileType = wrapper.framework; name = UIKit.framework; path = System/Library/Frameworks/UIKit.framework; sourceTree = SDKROOT; };
		1183037F1A5FF639006E4C05 /* Parse Test-Info.plist */ = {isa = PBXFileReference; lastKnownFileType = text.plist.xml; path = "Parse Test-Info.plist"; sourceTree = "<group>"; };
		118303811A5FF639006E4C05 /* en */ = {isa = PBXFileReference; lastKnownFileType = text.plist.strings; name = en; path = en.lproj/InfoPlist.strings; sourceTree = "<group>"; };
		118303831A5FF639006E4C05 /* main.m */ = {isa = PBXFileReference; lastKnownFileType = sourcecode.c.objc; path = main.m; sourceTree = "<group>"; };
		118303851A5FF639006E4C05 /* Parse Test-Prefix.pch */ = {isa = PBXFileReference; lastKnownFileType = sourcecode.c.h; path = "Parse Test-Prefix.pch"; sourceTree = "<group>"; };
		118303861A5FF639006E4C05 /* XZZAppDelegate.h */ = {isa = PBXFileReference; lastKnownFileType = sourcecode.c.h; path = XZZAppDelegate.h; sourceTree = "<group>"; };
		118303871A5FF639006E4C05 /* XZZAppDelegate.m */ = {isa = PBXFileReference; lastKnownFileType = sourcecode.c.objc; path = XZZAppDelegate.m; sourceTree = "<group>"; };
		1183038A1A5FF639006E4C05 /* Base */ = {isa = PBXFileReference; lastKnownFileType = file.storyboard; name = Base; path = Base.lproj/Main_iPhone.storyboard; sourceTree = "<group>"; };
		1183038D1A5FF639006E4C05 /* Base */ = {isa = PBXFileReference; lastKnownFileType = file.storyboard; name = Base; path = Base.lproj/Main_iPad.storyboard; sourceTree = "<group>"; };
		1183038F1A5FF639006E4C05 /* XZZViewController.h */ = {isa = PBXFileReference; lastKnownFileType = sourcecode.c.h; path = XZZViewController.h; sourceTree = "<group>"; };
		118303901A5FF639006E4C05 /* XZZViewController.m */ = {isa = PBXFileReference; lastKnownFileType = sourcecode.c.objc; path = XZZViewController.m; sourceTree = "<group>"; };
		118303921A5FF639006E4C05 /* Images.xcassets */ = {isa = PBXFileReference; lastKnownFileType = folder.assetcatalog; path = Images.xcassets; sourceTree = "<group>"; };
		118303981A5FF639006E4C05 /* Parse TestTests.xctest */ = {isa = PBXFileReference; explicitFileType = wrapper.cfbundle; includeInIndex = 0; path = "Parse TestTests.xctest"; sourceTree = BUILT_PRODUCTS_DIR; };
		118303991A5FF639006E4C05 /* XCTest.framework */ = {isa = PBXFileReference; lastKnownFileType = wrapper.framework; name = XCTest.framework; path = Library/Frameworks/XCTest.framework; sourceTree = DEVELOPER_DIR; };
		118303A11A5FF639006E4C05 /* Parse TestTests-Info.plist */ = {isa = PBXFileReference; lastKnownFileType = text.plist.xml; path = "Parse TestTests-Info.plist"; sourceTree = "<group>"; };
		118303A31A5FF639006E4C05 /* en */ = {isa = PBXFileReference; lastKnownFileType = text.plist.strings; name = en; path = en.lproj/InfoPlist.strings; sourceTree = "<group>"; };
		118303A51A5FF639006E4C05 /* Parse_TestTests.m */ = {isa = PBXFileReference; lastKnownFileType = sourcecode.c.objc; path = Parse_TestTests.m; sourceTree = "<group>"; };
		118303AF1A600410006E4C05 /* Bolts.framework */ = {isa = PBXFileReference; lastKnownFileType = wrapper.framework; path = Bolts.framework; sourceTree = "<group>"; };
		118303B01A600410006E4C05 /* Parse.framework */ = {isa = PBXFileReference; lastKnownFileType = wrapper.framework; path = Parse.framework; sourceTree = "<group>"; };
		118303B31A60048D006E4C05 /* AudioToolbox.framework */ = {isa = PBXFileReference; lastKnownFileType = wrapper.framework; name = AudioToolbox.framework; path = System/Library/Frameworks/AudioToolbox.framework; sourceTree = SDKROOT; };
		118303B51A60049F006E4C05 /* CFNetwork.framework */ = {isa = PBXFileReference; lastKnownFileType = wrapper.framework; name = CFNetwork.framework; path = System/Library/Frameworks/CFNetwork.framework; sourceTree = SDKROOT; };
		118303B71A6004AF006E4C05 /* CoreLocation.framework */ = {isa = PBXFileReference; lastKnownFileType = wrapper.framework; name = CoreLocation.framework; path = System/Library/Frameworks/CoreLocation.framework; sourceTree = SDKROOT; };
		118303B91A6004B5006E4C05 /* MobileCoreServices.framework */ = {isa = PBXFileReference; lastKnownFileType = wrapper.framework; name = MobileCoreServices.framework; path = System/Library/Frameworks/MobileCoreServices.framework; sourceTree = SDKROOT; };
		118303BB1A6004BB006E4C05 /* QuartzCore.framework */ = {isa = PBXFileReference; lastKnownFileType = wrapper.framework; name = QuartzCore.framework; path = System/Library/Frameworks/QuartzCore.framework; sourceTree = SDKROOT; };
		118303BD1A6004C2006E4C05 /* Security.framework */ = {isa = PBXFileReference; lastKnownFileType = wrapper.framework; name = Security.framework; path = System/Library/Frameworks/Security.framework; sourceTree = SDKROOT; };
		118303BF1A6004D0006E4C05 /* StoreKit.framework */ = {isa = PBXFileReference; lastKnownFileType = wrapper.framework; name = StoreKit.framework; path = System/Library/Frameworks/StoreKit.framework; sourceTree = SDKROOT; };
		118303C11A6004D6006E4C05 /* SystemConfiguration.framework */ = {isa = PBXFileReference; lastKnownFileType = wrapper.framework; name = SystemConfiguration.framework; path = System/Library/Frameworks/SystemConfiguration.framework; sourceTree = SDKROOT; };
		118303C31A6004DE006E4C05 /* libz.dylib */ = {isa = PBXFileReference; lastKnownFileType = "compiled.mach-o.dylib"; name = libz.dylib; path = usr/lib/libz.dylib; sourceTree = SDKROOT; };
		118303C51A6004E5006E4C05 /* libsqlite3.dylib */ = {isa = PBXFileReference; lastKnownFileType = "compiled.mach-o.dylib"; name = libsqlite3.dylib; path = usr/lib/libsqlite3.dylib; sourceTree = SDKROOT; };
		118303C71A60239C006E4C05 /* XZZTableViewController.h */ = {isa = PBXFileReference; fileEncoding = 4; lastKnownFileType = sourcecode.c.h; path = XZZTableViewController.h; sourceTree = "<group>"; };
		118303C81A60239C006E4C05 /* XZZTableViewController.m */ = {isa = PBXFileReference; fileEncoding = 4; lastKnownFileType = sourcecode.c.objc; path = XZZTableViewController.m; sourceTree = "<group>"; };
/* End PBXFileReference section */

/* Begin PBXFrameworksBuildPhase section */
		118303711A5FF639006E4C05 /* Frameworks */ = {
			isa = PBXFrameworksBuildPhase;
			buildActionMask = 2147483647;
			files = (
				118303C61A6004E5006E4C05 /* libsqlite3.dylib in Frameworks */,
				118303C41A6004DE006E4C05 /* libz.dylib in Frameworks */,
				118303C21A6004D6006E4C05 /* SystemConfiguration.framework in Frameworks */,
				118303C01A6004D0006E4C05 /* StoreKit.framework in Frameworks */,
				118303BE1A6004C2006E4C05 /* Security.framework in Frameworks */,
				118303BC1A6004BB006E4C05 /* QuartzCore.framework in Frameworks */,
				118303BA1A6004B5006E4C05 /* MobileCoreServices.framework in Frameworks */,
				118303B81A6004AF006E4C05 /* CoreLocation.framework in Frameworks */,
				1183037A1A5FF639006E4C05 /* CoreGraphics.framework in Frameworks */,
				118303B61A60049F006E4C05 /* CFNetwork.framework in Frameworks */,
				118303B41A60048D006E4C05 /* AudioToolbox.framework in Frameworks */,
				1183037C1A5FF639006E4C05 /* UIKit.framework in Frameworks */,
				118303781A5FF639006E4C05 /* Foundation.framework in Frameworks */,
				118303B11A600410006E4C05 /* Bolts.framework in Frameworks */,
				118303B21A600410006E4C05 /* Parse.framework in Frameworks */,
			);
			runOnlyForDeploymentPostprocessing = 0;
		};
		118303951A5FF639006E4C05 /* Frameworks */ = {
			isa = PBXFrameworksBuildPhase;
			buildActionMask = 2147483647;
			files = (
				1183039A1A5FF639006E4C05 /* XCTest.framework in Frameworks */,
				1183039C1A5FF639006E4C05 /* UIKit.framework in Frameworks */,
				1183039B1A5FF639006E4C05 /* Foundation.framework in Frameworks */,
			);
			runOnlyForDeploymentPostprocessing = 0;
		};
/* End PBXFrameworksBuildPhase section */

/* Begin PBXGroup section */
		1183036B1A5FF639006E4C05 = {
			isa = PBXGroup;
			children = (
				1183037D1A5FF639006E4C05 /* Parse Test */,
				1183039F1A5FF639006E4C05 /* Parse TestTests */,
				118303761A5FF639006E4C05 /* Frameworks */,
				118303751A5FF639006E4C05 /* Products */,
			);
			sourceTree = "<group>";
		};
		118303751A5FF639006E4C05 /* Products */ = {
			isa = PBXGroup;
			children = (
				118303741A5FF639006E4C05 /* Parse Test.app */,
				118303981A5FF639006E4C05 /* Parse TestTests.xctest */,
			);
			name = Products;
			sourceTree = "<group>";
		};
		118303761A5FF639006E4C05 /* Frameworks */ = {
			isa = PBXGroup;
			children = (
				118303AF1A600410006E4C05 /* Bolts.framework */,
				118303B01A600410006E4C05 /* Parse.framework */,
				118303C51A6004E5006E4C05 /* libsqlite3.dylib */,
				118303C31A6004DE006E4C05 /* libz.dylib */,
				118303C11A6004D6006E4C05 /* SystemConfiguration.framework */,
				118303BF1A6004D0006E4C05 /* StoreKit.framework */,
				118303BD1A6004C2006E4C05 /* Security.framework */,
				118303BB1A6004BB006E4C05 /* QuartzCore.framework */,
				118303B91A6004B5006E4C05 /* MobileCoreServices.framework */,
				118303B71A6004AF006E4C05 /* CoreLocation.framework */,
				118303B51A60049F006E4C05 /* CFNetwork.framework */,
				118303B31A60048D006E4C05 /* AudioToolbox.framework */,
				118303771A5FF639006E4C05 /* Foundation.framework */,
				118303791A5FF639006E4C05 /* CoreGraphics.framework */,
				1183037B1A5FF639006E4C05 /* UIKit.framework */,
				118303991A5FF639006E4C05 /* XCTest.framework */,
			);
			name = Frameworks;
			sourceTree = "<group>";
		};
		1183037D1A5FF639006E4C05 /* Parse Test */ = {
			isa = PBXGroup;
			children = (
				118303861A5FF639006E4C05 /* XZZAppDelegate.h */,
				118303871A5FF639006E4C05 /* XZZAppDelegate.m */,
				118303891A5FF639006E4C05 /* Main_iPhone.storyboard */,
				118303C71A60239C006E4C05 /* XZZTableViewController.h */,
				118303C81A60239C006E4C05 /* XZZTableViewController.m */,
				1183038C1A5FF639006E4C05 /* Main_iPad.storyboard */,
				1183038F1A5FF639006E4C05 /* XZZViewController.h */,
				118303901A5FF639006E4C05 /* XZZViewController.m */,
				118303921A5FF639006E4C05 /* Images.xcassets */,
				1183037E1A5FF639006E4C05 /* Supporting Files */,
			);
			path = "Parse Test";
			sourceTree = "<group>";
		};
		1183037E1A5FF639006E4C05 /* Supporting Files */ = {
			isa = PBXGroup;
			children = (
				1183037F1A5FF639006E4C05 /* Parse Test-Info.plist */,
				118303801A5FF639006E4C05 /* InfoPlist.strings */,
				118303831A5FF639006E4C05 /* main.m */,
				118303851A5FF639006E4C05 /* Parse Test-Prefix.pch */,
			);
			name = "Supporting Files";
			sourceTree = "<group>";
		};
		1183039F1A5FF639006E4C05 /* Parse TestTests */ = {
			isa = PBXGroup;
			children = (
				118303A51A5FF639006E4C05 /* Parse_TestTests.m */,
				118303A01A5FF639006E4C05 /* Supporting Files */,
			);
			path = "Parse TestTests";
			sourceTree = "<group>";
		};
		118303A01A5FF639006E4C05 /* Supporting Files */ = {
			isa = PBXGroup;
			children = (
				118303A11A5FF639006E4C05 /* Parse TestTests-Info.plist */,
				118303A21A5FF639006E4C05 /* InfoPlist.strings */,
			);
			name = "Supporting Files";
			sourceTree = "<group>";
		};
/* End PBXGroup section */

/* Begin PBXNativeTarget section */
		118303731A5FF639006E4C05 /* Parse Test */ = {
			isa = PBXNativeTarget;
			buildConfigurationList = 118303A91A5FF639006E4C05 /* Build configuration list for PBXNativeTarget "Parse Test" */;
			buildPhases = (
				118303701A5FF639006E4C05 /* Sources */,
				118303711A5FF639006E4C05 /* Frameworks */,
				118303721A5FF639006E4C05 /* Resources */,
			);
			buildRules = (
			);
			dependencies = (
			);
			name = "Parse Test";
			productName = "Parse Test";
			productReference = 118303741A5FF639006E4C05 /* Parse Test.app */;
			productType = "com.apple.product-type.application";
		};
		118303971A5FF639006E4C05 /* Parse TestTests */ = {
			isa = PBXNativeTarget;
			buildConfigurationList = 118303AC1A5FF639006E4C05 /* Build configuration list for PBXNativeTarget "Parse TestTests" */;
			buildPhases = (
				118303941A5FF639006E4C05 /* Sources */,
				118303951A5FF639006E4C05 /* Frameworks */,
				118303961A5FF639006E4C05 /* Resources */,
			);
			buildRules = (
			);
			dependencies = (
				1183039E1A5FF639006E4C05 /* PBXTargetDependency */,
			);
			name = "Parse TestTests";
			productName = "Parse TestTests";
			productReference = 118303981A5FF639006E4C05 /* Parse TestTests.xctest */;
			productType = "com.apple.product-type.bundle.unit-test";
		};
/* End PBXNativeTarget section */

/* Begin PBXProject section */
		1183036C1A5FF639006E4C05 /* Project object */ = {
			isa = PBXProject;
			attributes = {
				CLASSPREFIX = XZZ;
				LastUpgradeCheck = 0510;
				ORGANIZATIONNAME = 1st1k;
				TargetAttributes = {
					118303971A5FF639006E4C05 = {
						TestTargetID = 118303731A5FF639006E4C05;
					};
				};
			};
			buildConfigurationList = 1183036F1A5FF639006E4C05 /* Build configuration list for PBXProject "Parse Test" */;
			compatibilityVersion = "Xcode 3.2";
			developmentRegion = English;
			hasScannedForEncodings = 0;
			knownRegions = (
				en,
				Base,
			);
			mainGroup = 1183036B1A5FF639006E4C05;
			productRefGroup = 118303751A5FF639006E4C05 /* Products */;
			projectDirPath = "";
			projectRoot = "";
			targets = (
				118303731A5FF639006E4C05 /* Parse Test */,
				118303971A5FF639006E4C05 /* Parse TestTests */,
			);
		};
/* End PBXProject section */

/* Begin PBXResourcesBuildPhase section */
		118303721A5FF639006E4C05 /* Resources */ = {
			isa = PBXResourcesBuildPhase;
			buildActionMask = 2147483647;
			files = (
				1183038E1A5FF639006E4C05 /* Main_iPad.storyboard in Resources */,
				118303931A5FF639006E4C05 /* Images.xcassets in Resources */,
				1183038B1A5FF639006E4C05 /* Main_iPhone.storyboard in Resources */,
				118303821A5FF639006E4C05 /* InfoPlist.strings in Resources */,
			);
			runOnlyForDeploymentPostprocessing = 0;
		};
		118303961A5FF639006E4C05 /* Resources */ = {
			isa = PBXResourcesBuildPhase;
			buildActionMask = 2147483647;
			files = (
				118303A41A5FF639006E4C05 /* InfoPlist.strings in Resources */,
			);
			runOnlyForDeploymentPostprocessing = 0;
		};
/* End PBXResourcesBuildPhase section */

/* Begin PBXSourcesBuildPhase section */
		118303701A5FF639006E4C05 /* Sources */ = {
			isa = PBXSourcesBuildPhase;
			buildActionMask = 2147483647;
			files = (
				118303841A5FF639006E4C05 /* main.m in Sources */,
				118303881A5FF639006E4C05 /* XZZAppDelegate.m in Sources */,
				118303C91A60239C006E4C05 /* XZZTableViewController.m in Sources */,
				118303911A5FF639006E4C05 /* XZZViewController.m in Sources */,
			);
			runOnlyForDeploymentPostprocessing = 0;
		};
		118303941A5FF639006E4C05 /* Sources */ = {
			isa = PBXSourcesBuildPhase;
			buildActionMask = 2147483647;
			files = (
				118303A61A5FF639006E4C05 /* Parse_TestTests.m in Sources */,
			);
			runOnlyForDeploymentPostprocessing = 0;
		};
/* End PBXSourcesBuildPhase section */

/* Begin PBXTargetDependency section */
		1183039E1A5FF639006E4C05 /* PBXTargetDependency */ = {
			isa = PBXTargetDependency;
			target = 118303731A5FF639006E4C05 /* Parse Test */;
			targetProxy = 1183039D1A5FF639006E4C05 /* PBXContainerItemProxy */;
		};
/* End PBXTargetDependency section */

/* Begin PBXVariantGroup section */
		118303801A5FF639006E4C05 /* InfoPlist.strings */ = {
			isa = PBXVariantGroup;
			children = (
				118303811A5FF639006E4C05 /* en */,
			);
			name = InfoPlist.strings;
			sourceTree = "<group>";
		};
		118303891A5FF639006E4C05 /* Main_iPhone.storyboard */ = {
			isa = PBXVariantGroup;
			children = (
				1183038A1A5FF639006E4C05 /* Base */,
			);
			name = Main_iPhone.storyboard;
			sourceTree = "<group>";
		};
		1183038C1A5FF639006E4C05 /* Main_iPad.storyboard */ = {
			isa = PBXVariantGroup;
			children = (
				1183038D1A5FF639006E4C05 /* Base */,
			);
			name = Main_iPad.storyboard;
			sourceTree = "<group>";
		};
		118303A21A5FF639006E4C05 /* InfoPlist.strings */ = {
			isa = PBXVariantGroup;
			children = (
				118303A31A5FF639006E4C05 /* en */,
			);
			name = InfoPlist.strings;
			sourceTree = "<group>";
		};
/* End PBXVariantGroup section */

/* Begin XCBuildConfiguration section */
		118303A71A5FF639006E4C05 /* Debug */ = {
			isa = XCBuildConfiguration;
			buildSettings = {
				ALWAYS_SEARCH_USER_PATHS = NO;
				CLANG_CXX_LANGUAGE_STANDARD = "gnu++0x";
				CLANG_CXX_LIBRARY = "libc++";
				CLANG_ENABLE_MODULES = YES;
				CLANG_ENABLE_OBJC_ARC = YES;
				CLANG_WARN_BOOL_CONVERSION = YES;
				CLANG_WARN_CONSTANT_CONVERSION = YES;
				CLANG_WARN_DIRECT_OBJC_ISA_USAGE = YES_ERROR;
				CLANG_WARN_EMPTY_BODY = YES;
				CLANG_WARN_ENUM_CONVERSION = YES;
				CLANG_WARN_INT_CONVERSION = YES;
				CLANG_WARN_OBJC_ROOT_CLASS = YES_ERROR;
				CLANG_WARN__DUPLICATE_METHOD_MATCH = YES;
				"CODE_SIGN_IDENTITY[sdk=iphoneos*]" = "iPhone Developer";
				COPY_PHASE_STRIP = NO;
				GCC_C_LANGUAGE_STANDARD = gnu99;
				GCC_DYNAMIC_NO_PIC = NO;
				GCC_OPTIMIZATION_LEVEL = 0;
				GCC_PREPROCESSOR_DEFINITIONS = (
					"DEBUG=1",
					"$(inherited)",
				);
				GCC_SYMBOLS_PRIVATE_EXTERN = NO;
				GCC_WARN_64_TO_32_BIT_CONVERSION = YES;
				GCC_WARN_ABOUT_RETURN_TYPE = YES_ERROR;
				GCC_WARN_UNDECLARED_SELECTOR = YES;
				GCC_WARN_UNINITIALIZED_AUTOS = YES_AGGRESSIVE;
				GCC_WARN_UNUSED_FUNCTION = YES;
				GCC_WARN_UNUSED_VARIABLE = YES;
				IPHONEOS_DEPLOYMENT_TARGET = 7.1;
				ONLY_ACTIVE_ARCH = YES;
				SDKROOT = iphoneos;
				TARGETED_DEVICE_FAMILY = "1,2";
			};
			name = Debug;
		};
		118303A81A5FF639006E4C05 /* Release */ = {
			isa = XCBuildConfiguration;
			buildSettings = {
				ALWAYS_SEARCH_USER_PATHS = NO;
				CLANG_CXX_LANGUAGE_STANDARD = "gnu++0x";
				CLANG_CXX_LIBRARY = "libc++";
				CLANG_ENABLE_MODULES = YES;
				CLANG_ENABLE_OBJC_ARC = YES;
				CLANG_WARN_BOOL_CONVERSION = YES;
				CLANG_WARN_CONSTANT_CONVERSION = YES;
				CLANG_WARN_DIRECT_OBJC_ISA_USAGE = YES_ERROR;
				CLANG_WARN_EMPTY_BODY = YES;
				CLANG_WARN_ENUM_CONVERSION = YES;
				CLANG_WARN_INT_CONVERSION = YES;
				CLANG_WARN_OBJC_ROOT_CLASS = YES_ERROR;
				CLANG_WARN__DUPLICATE_METHOD_MATCH = YES;
				"CODE_SIGN_IDENTITY[sdk=iphoneos*]" = "iPhone Developer";
				COPY_PHASE_STRIP = YES;
				ENABLE_NS_ASSERTIONS = NO;
				GCC_C_LANGUAGE_STANDARD = gnu99;
				GCC_WARN_64_TO_32_BIT_CONVERSION = YES;
				GCC_WARN_ABOUT_RETURN_TYPE = YES_ERROR;
				GCC_WARN_UNDECLARED_SELECTOR = YES;
				GCC_WARN_UNINITIALIZED_AUTOS = YES_AGGRESSIVE;
				GCC_WARN_UNUSED_FUNCTION = YES;
				GCC_WARN_UNUSED_VARIABLE = YES;
				IPHONEOS_DEPLOYMENT_TARGET = 7.1;
				SDKROOT = iphoneos;
				TARGETED_DEVICE_FAMILY = "1,2";
				VALIDATE_PRODUCT = YES;
			};
			name = Release;
		};
		118303AA1A5FF639006E4C05 /* Debug */ = {
			isa = XCBuildConfiguration;
			buildSettings = {
				ASSETCATALOG_COMPILER_APPICON_NAME = AppIcon;
				ASSETCATALOG_COMPILER_LAUNCHIMAGE_NAME = LaunchImage;
				FRAMEWORK_SEARCH_PATHS = (
					"$(inherited)",
					"$(PROJECT_DIR)",
				);
				GCC_PRECOMPILE_PREFIX_HEADER = YES;
				GCC_PREFIX_HEADER = "Parse Test/Parse Test-Prefix.pch";
				INFOPLIST_FILE = "Parse Test/Parse Test-Info.plist";
				PRODUCT_NAME = "$(TARGET_NAME)";
				WRAPPER_EXTENSION = app;
			};
			name = Debug;
		};
		118303AB1A5FF639006E4C05 /* Release */ = {
			isa = XCBuildConfiguration;
			buildSettings = {
				ASSETCATALOG_COMPILER_APPICON_NAME = AppIcon;
				ASSETCATALOG_COMPILER_LAUNCHIMAGE_NAME = LaunchImage;
				FRAMEWORK_SEARCH_PATHS = (
					"$(inherited)",
					"$(PROJECT_DIR)",
				);
				GCC_PRECOMPILE_PREFIX_HEADER = YES;
				GCC_PREFIX_HEADER = "Parse Test/Parse Test-Prefix.pch";
				INFOPLIST_FILE = "Parse Test/Parse Test-Info.plist";
				PRODUCT_NAME = "$(TARGET_NAME)";
				WRAPPER_EXTENSION = app;
			};
			name = Release;
		};
		118303AD1A5FF639006E4C05 /* Debug */ = {
			isa = XCBuildConfiguration;
			buildSettings = {
				BUNDLE_LOADER = "$(BUILT_PRODUCTS_DIR)/Parse Test.app/Parse Test";
				FRAMEWORK_SEARCH_PATHS = (
					"$(SDKROOT)/Developer/Library/Frameworks",
					"$(inherited)",
					"$(DEVELOPER_FRAMEWORKS_DIR)",
				);
				GCC_PRECOMPILE_PREFIX_HEADER = YES;
				GCC_PREFIX_HEADER = "Parse Test/Parse Test-Prefix.pch";
				GCC_PREPROCESSOR_DEFINITIONS = (
					"DEBUG=1",
					"$(inherited)",
				);
				INFOPLIST_FILE = "Parse TestTests/Parse TestTests-Info.plist";
				PRODUCT_NAME = "$(TARGET_NAME)";
				TEST_HOST = "$(BUNDLE_LOADER)";
				WRAPPER_EXTENSION = xctest;
			};
			name = Debug;
		};
		118303AE1A5FF639006E4C05 /* Release */ = {
			isa = XCBuildConfiguration;
			buildSettings = {
				BUNDLE_LOADER = "$(BUILT_PRODUCTS_DIR)/Parse Test.app/Parse Test";
				FRAMEWORK_SEARCH_PATHS = (
					"$(SDKROOT)/Developer/Library/Frameworks",
					"$(inherited)",
					"$(DEVELOPER_FRAMEWORKS_DIR)",
				);
				GCC_PRECOMPILE_PREFIX_HEADER = YES;
				GCC_PREFIX_HEADER = "Parse Test/Parse Test-Prefix.pch";
				INFOPLIST_FILE = "Parse TestTests/Parse TestTests-Info.plist";
				PRODUCT_NAME = "$(TARGET_NAME)";
				TEST_HOST = "$(BUNDLE_LOADER)";
				WRAPPER_EXTENSION = xctest;
			};
			name = Release;
		};
/* End XCBuildConfiguration section */

/* Begin XCConfigurationList section */
		1183036F1A5FF639006E4C05 /* Build configuration list for PBXProject "Parse Test" */ = {
			isa = XCConfigurationList;
			buildConfigurations = (
				118303A71A5FF639006E4C05 /* Debug */,
				118303A81A5FF639006E4C05 /* Release */,
			);
			defaultConfigurationIsVisible = 0;
			defaultConfigurationName = Release;
		};
		118303A91A5FF639006E4C05 /* Build configuration list for PBXNativeTarget "Parse Test" */ = {
			isa = XCConfigurationList;
			buildConfigurations = (
				118303AA1A5FF639006E4C05 /* Debug */,
				118303AB1A5FF639006E4C05 /* Release */,
			);
			defaultConfigurationIsVisible = 0;
		};
		118303AC1A5FF639006E4C05 /* Build configuration list for PBXNativeTarget "Parse TestTests" */ = {
			isa = XCConfigurationList;
			buildConfigurations = (
				118303AD1A5FF639006E4C05 /* Debug */,
				118303AE1A5FF639006E4C05 /* Release */,
			);
			defaultConfigurationIsVisible = 0;
		};
/* End XCConfigurationList section */
	};
	rootObject = 1183036C1A5FF639006E4C05 /* Project object */;
}
